
Microsoft Visual Studio Solution File, Format Version 12.00
# Visual Studio Version 16
VisualStudioVersion = 16.0.31702.278
MinimumVisualStudioVersion = 10.0.40219.1
Project("{FAE04EC0-301F-11D3-BF4B-00C04F79EFBC}") = "BolnicaVezba", "BolnicaVezba\BolnicaVezba.csproj", "{35862087-F4CB-4922-8247-B34D90F70553}"
EndProject
Global
	GlobalSection(SolutionConfigurationPlatforms) = preSolution
		Debug|Any CPU = Debug|Any CPU
		Release|Any CPU = Release|Any CPU
	EndGlobalSection
	GlobalSection(ProjectConfigurationPlatforms) = postSolution
		{35862087-F4CB-4922-8247-B34D90F70553}.Debug|Any CPU.ActiveCfg = Debug|Any CPU
		{35862087-F4CB-4922-8247-B34D90F70553}.Debug|Any CPU.Build.0 = Debug|Any CPU
		{35862087-F4CB-4922-8247-B34D90F70553}.Release|Any CPU.ActiveCfg = Release|Any CPU
		{35862087-F4CB-4922-8247-B34D90F70553}.Release|Any CPU.Build.0 = Release|Any CPU
	EndGlobalSection
	GlobalSection(SolutionProperties) = preSolution
		HideSolutionNode = FALSE
	EndGlobalSection
	GlobalSection(ExtensibilityGlobals) = postSolution
		SolutionGuid = {BF0FBA77-E20D-484E-B84C-63790906D59C}
	EndGlobalSection
EndGlobal
